
Microsoft Visual Studio Solution File, Format Version 12.00
# Visual Studio Version 16
VisualStudioVersion = 16.0.30711.63
MinimumVisualStudioVersion = 10.0.40219.1
Project("{FAE04EC0-301F-11D3-BF4B-00C04F79EFBC}") = "MyTestTutorial", "MyTestTutorial\MyTestTutorial.csproj", "{9386D8BB-05D8-44B1-8B79-18F17BEABB53}"
EndProject
Project("{FAE04EC0-301F-11D3-BF4B-00C04F79EFBC}") = "MyTestTutorialTests", "MyTestTutorialTests\MyTestTutorialTests.csproj", "{35006304-6720-48C9-9A4C-8752EFCA4B7C}"
EndProject
Global
	GlobalSection(SolutionConfigurationPlatforms) = preSolution
		Debug|Any CPU = Debug|Any CPU
		Release|Any CPU = Release|Any CPU
	EndGlobalSection
	GlobalSection(ProjectConfigurationPlatforms) = postSolution
		{9386D8BB-05D8-44B1-8B79-18F17BEABB53}.Debug|Any CPU.ActiveCfg = Debug|Any CPU
		{9386D8BB-05D8-44B1-8B79-18F17BEABB53}.Debug|Any CPU.Build.0 = Debug|Any CPU
		{9386D8BB-05D8-44B1-8B79-18F17BEABB53}.Release|Any CPU.ActiveCfg = Release|Any CPU
		{9386D8BB-05D8-44B1-8B79-18F17BEABB53}.Release|Any CPU.Build.0 = Release|Any CPU
		{35006304-6720-48C9-9A4C-8752EFCA4B7C}.Debug|Any CPU.ActiveCfg = Debug|Any CPU
		{35006304-6720-48C9-9A4C-8752EFCA4B7C}.Debug|Any CPU.Build.0 = Debug|Any CPU
		{35006304-6720-48C9-9A4C-8752EFCA4B7C}.Release|Any CPU.ActiveCfg = Release|Any CPU
		{35006304-6720-48C9-9A4C-8752EFCA4B7C}.Release|Any CPU.Build.0 = Release|Any CPU
	EndGlobalSection
	GlobalSection(SolutionProperties) = preSolution
		HideSolutionNode = FALSE
	EndGlobalSection
	GlobalSection(ExtensibilityGlobals) = postSolution
		SolutionGuid = {C2C0BF87-365A-4E8C-AED2-28852D264DE2}
	EndGlobalSection
EndGlobal
